
Microsoft Visual Studio Solution File, Format Version 12.00
# Visual Studio Version 17
VisualStudioVersion = 17.14.36717.8
MinimumVisualStudioVersion = 10.0.40219.1
Project("{2150E333-8FDC-42A3-9474-1A3956D46DE8}") = "FrontEnd", "FrontEnd", "{02EA681E-C7D8-13C7-8484-4AC65E1B71E8}"
EndProject
Project("{2150E333-8FDC-42A3-9474-1A3956D46DE8}") = "Gateway", "Gateway", "{19D77460-AAC2-48AD-A242-B23E3B54C7D7}"
EndProject
Project("{2150E333-8FDC-42A3-9474-1A3956D46DE8}") = "Integration", "Integration", "{8F5FFEA8-32F3-4B0F-90AC-7A588BAF3A06}"
EndProject
Project("{2150E333-8FDC-42A3-9474-1A3956D46DE8}") = "Services", "Services", "{93CE8F9F-442D-465D-8D99-D3ED9C65FA2B}"
EndProject
Project("{FAE04EC0-301F-11D3-BF4B-00C04F79EFBC}") = "UrbanMart.Services.CouponAPI", "UrbanMart.Services.CouponAPI\UrbanMart.Services.CouponAPI.csproj", "{7A6B5CFA-29F0-4EBF-960E-9B3010FC295B}"
EndProject
Global
	GlobalSection(SolutionConfigurationPlatforms) = preSolution
		Debug|Any CPU = Debug|Any CPU
		Release|Any CPU = Release|Any CPU
	EndGlobalSection
	GlobalSection(ProjectConfigurationPlatforms) = postSolution
		{7A6B5CFA-29F0-4EBF-960E-9B3010FC295B}.Debug|Any CPU.ActiveCfg = Debug|Any CPU
		{7A6B5CFA-29F0-4EBF-960E-9B3010FC295B}.Debug|Any CPU.Build.0 = Debug|Any CPU
		{7A6B5CFA-29F0-4EBF-960E-9B3010FC295B}.Release|Any CPU.ActiveCfg = Release|Any CPU
		{7A6B5CFA-29F0-4EBF-960E-9B3010FC295B}.Release|Any CPU.Build.0 = Release|Any CPU
	EndGlobalSection
	GlobalSection(SolutionProperties) = preSolution
		HideSolutionNode = FALSE
	EndGlobalSection
	GlobalSection(NestedProjects) = preSolution
		{7A6B5CFA-29F0-4EBF-960E-9B3010FC295B} = {93CE8F9F-442D-465D-8D99-D3ED9C65FA2B}
	EndGlobalSection
	GlobalSection(ExtensibilityGlobals) = postSolution
		SolutionGuid = {45B28EFF-96DD-4922-AD1A-6DE27DFAA843}
	EndGlobalSection
EndGlobal
